
Microsoft Visual Studio Solution File, Format Version 12.00
# Visual Studio Version 17
VisualStudioVersion = 17.3.32929.385
MinimumVisualStudioVersion = 10.0.40219.1
Project("{2150E333-8FDC-42A3-9474-1A3956D46DE8}") = "dietgoal", "dietgoal", "{4AEE09A2-33C1-4336-B85D-25D422B8694E}"
	ProjectSection(SolutionItems) = preProject
		index.html = index.html
	EndProjectSection
EndProject
Project("{2150E333-8FDC-42A3-9474-1A3956D46DE8}") = "css", "css", "{98855520-A5B2-4FE4-9ADC-CFD28BDF295A}"
	ProjectSection(SolutionItems) = preProject
		style.css = style.css
	EndProjectSection
EndProject
Project("{2150E333-8FDC-42A3-9474-1A3956D46DE8}") = "js", "js", "{6F5AAD56-D2A1-478E-A3DF-EB2E6C566AFD}"
	ProjectSection(SolutionItems) = preProject
		script.js = script.js
	EndProjectSection
EndProject
Project("{2150E333-8FDC-42A3-9474-1A3956D46DE8}") = "image", "image", "{F4A3B080-598D-4BE4-A7F3-F553ED6F31CB}"
EndProject
Global
	GlobalSection(SolutionProperties) = preSolution
		HideSolutionNode = FALSE
	EndGlobalSection
	GlobalSection(NestedProjects) = preSolution
		{98855520-A5B2-4FE4-9ADC-CFD28BDF295A} = {4AEE09A2-33C1-4336-B85D-25D422B8694E}
		{6F5AAD56-D2A1-478E-A3DF-EB2E6C566AFD} = {4AEE09A2-33C1-4336-B85D-25D422B8694E}
		{F4A3B080-598D-4BE4-A7F3-F553ED6F31CB} = {4AEE09A2-33C1-4336-B85D-25D422B8694E}
	EndGlobalSection
	GlobalSection(ExtensibilityGlobals) = postSolution
		SolutionGuid = {1D412582-6D06-4CE0-B7E3-43EEAB90C33C}
	EndGlobalSection
EndGlobal
